{
  "name": "cardano-serialization-lib",
  "version": "9.1.2",
  "lockfileVersion": 2,
  "requires": true,
  "packages": {
    "": {
      "name": "cardano-serialization-lib",
      "version": "9.1.2",
      "license": "MIT",
      "dependencies": {
        "wasm2js": "^0.2.0"
      }
    },
    "node_modules/minimist": {
      "version": "1.2.6",
      "resolved": "https://registry.npmjs.org/minimist/-/minimist-1.2.6.tgz",
      "integrity": "sha512-Jsjnk4bw3YJqYzbdyBiNsPWHPfO++UGG749Cxs6peCu5Xg4nrena6OVxOYxrQTqww0Jmwt+Ref8rggumkTLz9Q=="
    },
    "node_modules/wasm2js": {
      "version": "0.2.0",
      "resolved": "https://registry.npmjs.org/wasm2js/-/wasm2js-0.2.0.tgz",
      "integrity": "sha1-R1fDss+/2nvyOCIVfCkxcAKd9hM=",
      "dependencies": {
        "minimist": "~1.2.0"
      },
      "bin": {
        "wasm2js": "bin/wasm2js"
      }
    }
  },
  "dependencies": {
    "minimist": {
      "version": "1.2.6",
      "resolved": "https://registry.npmjs.org/minimist/-/minimist-1.2.6.tgz",
      "integrity": "sha512-Jsjnk4bw3YJqYzbdyBiNsPWHPfO++UGG749Cxs6peCu5Xg4nrena6OVxOYxrQTqww0Jmwt+Ref8rggumkTLz9Q=="
    },
    "wasm2js": {
      "version": "0.2.0",
      "resolved": "https://registry.npmjs.org/wasm2js/-/wasm2js-0.2.0.tgz",
      "integrity": "sha1-R1fDss+/2nvyOCIVfCkxcAKd9hM=",
      "requires": {
        "minimist": "~1.2.0"
      }
    }
  }
}
